
Microsoft Visual Studio Solution File, Format Version 10.00
# Visual Studio 2008
Project("{FAE04EC0-301F-11D3-BF4B-00C04F79EFBC}") = "WinRunner", "WinRunner.csproj", "{7A11B743-67A2-4A29-B195-BE8797DF6354}"
EndProject
Project("{FAE04EC0-301F-11D3-BF4B-00C04F79EFBC}") = "ClassifierLibrary", "..\ClassifierLibrary\ClassifierLibrary.csproj", "{45997EF4-64BD-43BF-A0E3-3EF56F63B216}"
EndProject
Global
	GlobalSection(SolutionConfigurationPlatforms) = preSolution
		Debug|Any CPU = Debug|Any CPU
		Release|Any CPU = Release|Any CPU
	EndGlobalSection
	GlobalSection(ProjectConfigurationPlatforms) = postSolution
		{7A11B743-67A2-4A29-B195-BE8797DF6354}.Debug|Any CPU.ActiveCfg = Debug|Any CPU
		{7A11B743-67A2-4A29-B195-BE8797DF6354}.Debug|Any CPU.Build.0 = Debug|Any CPU
		{7A11B743-67A2-4A29-B195-BE8797DF6354}.Release|Any CPU.ActiveCfg = Release|Any CPU
		{7A11B743-67A2-4A29-B195-BE8797DF6354}.Release|Any CPU.Build.0 = Release|Any CPU
		{45997EF4-64BD-43BF-A0E3-3EF56F63B216}.Debug|Any CPU.ActiveCfg = Debug|Any CPU
		{45997EF4-64BD-43BF-A0E3-3EF56F63B216}.Debug|Any CPU.Build.0 = Debug|Any CPU
		{45997EF4-64BD-43BF-A0E3-3EF56F63B216}.Release|Any CPU.ActiveCfg = Release|Any CPU
		{45997EF4-64BD-43BF-A0E3-3EF56F63B216}.Release|Any CPU.Build.0 = Release|Any CPU
	EndGlobalSection
	GlobalSection(SolutionProperties) = preSolution
		HideSolutionNode = FALSE
	EndGlobalSection
EndGlobal
